
Microsoft Visual Studio Solution File, Format Version 12.00
# Visual Studio Version 17
VisualStudioVersion = 17.9.34728.123
MinimumVisualStudioVersion = 10.0.40219.1
Project("{FAE04EC0-301F-11D3-BF4B-00C04F79EFBC}") = "masala10", "masala10.csproj", "{E683EC4F-4B4A-432A-859C-9A22B7324AD9}"
EndProject
Global
	GlobalSection(SolutionConfigurationPlatforms) = preSolution
		Debug|Any CPU = Debug|Any CPU
		Release|Any CPU = Release|Any CPU
	EndGlobalSection
	GlobalSection(ProjectConfigurationPlatforms) = postSolution
		{E683EC4F-4B4A-432A-859C-9A22B7324AD9}.Debug|Any CPU.ActiveCfg = Debug|Any CPU
		{E683EC4F-4B4A-432A-859C-9A22B7324AD9}.Debug|Any CPU.Build.0 = Debug|Any CPU
		{E683EC4F-4B4A-432A-859C-9A22B7324AD9}.Release|Any CPU.ActiveCfg = Release|Any CPU
		{E683EC4F-4B4A-432A-859C-9A22B7324AD9}.Release|Any CPU.Build.0 = Release|Any CPU
	EndGlobalSection
	GlobalSection(SolutionProperties) = preSolution
		HideSolutionNode = FALSE
	EndGlobalSection
	GlobalSection(ExtensibilityGlobals) = postSolution
		SolutionGuid = {37F22A72-5486-45BA-A7E2-27E715A73657}
	EndGlobalSection
EndGlobal
